// !$*UTF8*$!
{
	archiveVersion = 1;
	classes = {
	};
	objectVersion = 46;
	objects = {

/* Begin PBXBuildFile section */
		6C512B341ED7FC9A009764B1 /* main.m in Sources */ = {isa = PBXBuildFile; fileRef = 6C512B331ED7FC9A009764B1 /* main.m */; };
		6C512B371ED7FC9A009764B1 /* AppDelegate.m in Sources */ = {isa = PBXBuildFile; fileRef = 6C512B361ED7FC9A009764B1 /* AppDelegate.m */; };
		6C512B3A1ED7FC9A009764B1 /* ViewController.m in Sources */ = {isa = PBXBuildFile; fileRef = 6C512B391ED7FC9A009764B1 /* ViewController.m */; };
		6C512B3D1ED7FC9A009764B1 /* Main.storyboard in Resources */ = {isa = PBXBuildFile; fileRef = 6C512B3B1ED7FC9A009764B1 /* Main.storyboard */; };
		6C512B3F1ED7FC9A009764B1 /* Assets.xcassets in Resources */ = {isa = PBXBuildFile; fileRef = 6C512B3E1ED7FC9A009764B1 /* Assets.xcassets */; };
		6C512B421ED7FC9A009764B1 /* LaunchScreen.storyboard in Resources */ = {isa = PBXBuildFile; fileRef = 6C512B401ED7FC9A009764B1 /* LaunchScreen.storyboard */; };
		6C9D56301ED80344001E287A /* ViewController2.m in Sources */ = {isa = PBXBuildFile; fileRef = 6C9D562F1ED80344001E287A /* ViewController2.m */; };
		6C9D56331ED80761001E287A /* ViewController3.m in Sources */ = {isa = PBXBuildFile; fileRef = 6C9D56321ED80761001E287A /* ViewController3.m */; };
		6C9D56361ED80C12001E287A /* ViewController4.swift in Sources */ = {isa = PBXBuildFile; fileRef = 6C9D56351ED80C12001E287A /* ViewController4.swift */; };
/* End PBXBuildFile section */

/* Begin PBXFileReference section */
		6C512B2F1ED7FC9A009764B1 /* objc_getAssociatedObject.app */ = {isa = PBXFileReference; explicitFileType = wrapper.application; includeInIndex = 0; path = objc_getAssociatedObject.app; sourceTree = BUILT_PRODUCTS_DIR; };
		6C512B331ED7FC9A009764B1 /* main.m */ = {isa = PBXFileReference; lastKnownFileType = sourcecode.c.objc; path = main.m; sourceTree = "<group>"; };
		6C512B351ED7FC9A009764B1 /* AppDelegate.h */ = {isa = PBXFileReference; lastKnownFileType = sourcecode.c.h; path = AppDelegate.h; sourceTree = "<group>"; };
		6C512B361ED7FC9A009764B1 /* AppDelegate.m */ = {isa = PBXFileReference; lastKnownFileType = sourcecode.c.objc; path = AppDelegate.m; sourceTree = "<group>"; };
		6C512B381ED7FC9A009764B1 /* ViewController.h */ = {isa = PBXFileReference; lastKnownFileType = sourcecode.c.h; path = ViewController.h; sourceTree = "<group>"; };
		6C512B391ED7FC9A009764B1 /* ViewController.m */ = {isa = PBXFileReference; lastKnownFileType = sourcecode.c.objc; path = ViewController.m; sourceTree = "<group>"; };
		6C512B3C1ED7FC9A009764B1 /* Base */ = {isa = PBXFileReference; lastKnownFileType = file.storyboard; name = Base; path = Base.lproj/Main.storyboard; sourceTree = "<group>"; };
		6C512B3E1ED7FC9A009764B1 /* Assets.xcassets */ = {isa = PBXFileReference; lastKnownFileType = folder.assetcatalog; path = Assets.xcassets; sourceTree = "<group>"; };
		6C512B411ED7FC9A009764B1 /* Base */ = {isa = PBXFileReference; lastKnownFileType = file.storyboard; name = Base; path = Base.lproj/LaunchScreen.storyboard; sourceTree = "<group>"; };
		6C512B431ED7FC9A009764B1 /* Info.plist */ = {isa = PBXFileReference; lastKnownFileType = text.plist.xml; path = Info.plist; sourceTree = "<group>"; };
		6C9D562E1ED80344001E287A /* ViewController2.h */ = {isa = PBXFileReference; fileEncoding = 4; lastKnownFileType = sourcecode.c.h; path = ViewController2.h; sourceTree = "<group>"; };
		6C9D562F1ED80344001E287A /* ViewController2.m */ = {isa = PBXFileReference; fileEncoding = 4; lastKnownFileType = sourcecode.c.objc; path = ViewController2.m; sourceTree = "<group>"; };
		6C9D56311ED80761001E287A /* ViewController3.h */ = {isa = PBXFileReference; fileEncoding = 4; lastKnownFileType = sourcecode.c.h; path = ViewController3.h; sourceTree = "<group>"; };
		6C9D56321ED80761001E287A /* ViewController3.m */ = {isa = PBXFileReference; fileEncoding = 4; lastKnownFileType = sourcecode.c.objc; path = ViewController3.m; sourceTree = "<group>"; };
		6C9D56341ED80C11001E287A /* objc_getAssociatedObject-Bridging-Header.h */ = {isa = PBXFileReference; lastKnownFileType = sourcecode.c.h; path = "objc_getAssociatedObject-Bridging-Header.h"; sourceTree = "<group>"; };
		6C9D56351ED80C12001E287A /* ViewController4.swift */ = {isa = PBXFileReference; fileEncoding = 4; lastKnownFileType = sourcecode.swift; path = ViewController4.swift; sourceTree = "<group>"; };
/* End PBXFileReference section */

/* Begin PBXFrameworksBuildPhase section */
		6C512B2C1ED7FC9A009764B1 /* Frameworks */ = {
			isa = PBXFrameworksBuildPhase;
			buildActionMask = 2147483647;
			files = (
			);
			runOnlyForDeploymentPostprocessing = 0;
		};
/* End PBXFrameworksBuildPhase section */

/* Begin PBXGroup section */
		6C512B261ED7FC9A009764B1 = {
			isa = PBXGroup;
			children = (
				6C512B311ED7FC9A009764B1 /* objc_getAssociatedObject */,
				6C512B301ED7FC9A009764B1 /* Products */,
			);
			sourceTree = "<group>";
		};
		6C512B301ED7FC9A009764B1 /* Products */ = {
			isa = PBXGroup;
			children = (
				6C512B2F1ED7FC9A009764B1 /* objc_getAssociatedObject.app */,
			);
			name = Products;
			sourceTree = "<group>";
		};
		6C512B311ED7FC9A009764B1 /* objc_getAssociatedObject */ = {
			isa = PBXGroup;
			children = (
				6C512B351ED7FC9A009764B1 /* AppDelegate.h */,
				6C512B361ED7FC9A009764B1 /* AppDelegate.m */,
				6C512B381ED7FC9A009764B1 /* ViewController.h */,
				6C512B391ED7FC9A009764B1 /* ViewController.m */,
				6C9D562E1ED80344001E287A /* ViewController2.h */,
				6C9D562F1ED80344001E287A /* ViewController2.m */,
				6C9D56311ED80761001E287A /* ViewController3.h */,
				6C9D56321ED80761001E287A /* ViewController3.m */,
				6C9D56351ED80C12001E287A /* ViewController4.swift */,
				6C512B3B1ED7FC9A009764B1 /* Main.storyboard */,
				6C512B3E1ED7FC9A009764B1 /* Assets.xcassets */,
				6C512B401ED7FC9A009764B1 /* LaunchScreen.storyboard */,
				6C512B431ED7FC9A009764B1 /* Info.plist */,
				6C512B321ED7FC9A009764B1 /* Supporting Files */,
				6C9D56341ED80C11001E287A /* objc_getAssociatedObject-Bridging-Header.h */,
			);
			path = objc_getAssociatedObject;
			sourceTree = "<group>";
		};
		6C512B321ED7FC9A009764B1 /* Supporting Files */ = {
			isa = PBXGroup;
			children = (
				6C512B331ED7FC9A009764B1 /* main.m */,
			);
			name = "Supporting Files";
			sourceTree = "<group>";
		};
/* End PBXGroup section */

/* Begin PBXNativeTarget section */
		6C512B2E1ED7FC9A009764B1 /* objc_getAssociatedObject */ = {
			isa = PBXNativeTarget;
			buildConfigurationList = 6C512B461ED7FC9A009764B1 /* Build configuration list for PBXNativeTarget "objc_getAssociatedObject" */;
			buildPhases = (
				6C512B2B1ED7FC9A009764B1 /* Sources */,
				6C512B2C1ED7FC9A009764B1 /* Frameworks */,
				6C512B2D1ED7FC9A009764B1 /* Resources */,
			);
			buildRules = (
			);
			dependencies = (
			);
			name = objc_getAssociatedObject;
			productName = objc_getAssociatedObject;
			productReference = 6C512B2F1ED7FC9A009764B1 /* objc_getAssociatedObject.app */;
			productType = "com.apple.product-type.application";
		};
/* End PBXNativeTarget section */

/* Begin PBXProject section */
		6C512B271ED7FC9A009764B1 /* Project object */ = {
			isa = PBXProject;
			attributes = {
				LastUpgradeCheck = 0820;
				ORGANIZATIONNAME = alldk;
				TargetAttributes = {
					6C512B2E1ED7FC9A009764B1 = {
						CreatedOnToolsVersion = 8.2.1;
						LastSwiftMigration = 0820;
						ProvisioningStyle = Automatic;
					};
				};
			};
			buildConfigurationList = 6C512B2A1ED7FC9A009764B1 /* Build configuration list for PBXProject "objc_getAssociatedObject" */;
			compatibilityVersion = "Xcode 3.2";
			developmentRegion = English;
			hasScannedForEncodings = 0;
			knownRegions = (
				en,
				Base,
			);
			mainGroup = 6C512B261ED7FC9A009764B1;
			productRefGroup = 6C512B301ED7FC9A009764B1 /* Products */;
			projectDirPath = "";
			projectRoot = "";
			targets = (
				6C512B2E1ED7FC9A009764B1 /* objc_getAssociatedObject */,
			);
		};
/* End PBXProject section */

/* Begin PBXResourcesBuildPhase section */
		6C512B2D1ED7FC9A009764B1 /* Resources */ = {
			isa = PBXResourcesBuildPhase;
			buildActionMask = 2147483647;
			files = (
				6C512B421ED7FC9A009764B1 /* LaunchScreen.storyboard in Resources */,
				6C512B3F1ED7FC9A009764B1 /* Assets.xcassets in Resources */,
				6C512B3D1ED7FC9A009764B1 /* Main.storyboard in Resources */,
			);
			runOnlyForDeploymentPostprocessing = 0;
		};
/* End PBXResourcesBuildPhase section */

/* Begin PBXSourcesBuildPhase section */
		6C512B2B1ED7FC9A009764B1 /* Sources */ = {
			isa = PBXSourcesBuildPhase;
			buildActionMask = 2147483647;
			files = (
				6C512B3A1ED7FC9A009764B1 /* ViewController.m in Sources */,
				6C9D56361ED80C12001E287A /* ViewController4.swift in Sources */,
				6C9D56301ED80344001E287A /* ViewController2.m in Sources */,
				6C512B371ED7FC9A009764B1 /* AppDelegate.m in Sources */,
				6C512B341ED7FC9A009764B1 /* main.m in Sources */,
				6C9D56331ED80761001E287A /* ViewController3.m in Sources */,
			);
			runOnlyForDeploymentPostprocessing = 0;
		};
/* End PBXSourcesBuildPhase section */

/* Begin PBXVariantGroup section */
		6C512B3B1ED7FC9A009764B1 /* Main.storyboard */ = {
			isa = PBXVariantGroup;
			children = (
				6C512B3C1ED7FC9A009764B1 /* Base */,
			);
			name = Main.storyboard;
			sourceTree = "<group>";
		};
		6C512B401ED7FC9A009764B1 /* LaunchScreen.storyboard */ = {
			isa = PBXVariantGroup;
			children = (
				6C512B411ED7FC9A009764B1 /* Base */,
			);
			name = LaunchScreen.storyboard;
			sourceTree = "<group>";
		};
/* End PBXVariantGroup section */

/* Begin XCBuildConfiguration section */
		6C512B441ED7FC9A009764B1 /* Debug */ = {
			isa = XCBuildConfiguration;
			buildSettings = {
				ALWAYS_SEARCH_USER_PATHS = NO;
				CLANG_ANALYZER_NONNULL = YES;
				CLANG_CXX_LANGUAGE_STANDARD = "gnu++0x";
				CLANG_CXX_LIBRARY = "libc++";
				CLANG_ENABLE_MODULES = YES;
				CLANG_ENABLE_OBJC_ARC = YES;
				CLANG_WARN_BOOL_CONVERSION = YES;
				CLANG_WARN_CONSTANT_CONVERSION = YES;
				CLANG_WARN_DIRECT_OBJC_ISA_USAGE = YES_ERROR;
				CLANG_WARN_DOCUMENTATION_COMMENTS = YES;
				CLANG_WARN_EMPTY_BODY = YES;
				CLANG_WARN_ENUM_CONVERSION = YES;
				CLANG_WARN_INFINITE_RECURSION = YES;
				CLANG_WARN_INT_CONVERSION = YES;
				CLANG_WARN_OBJC_ROOT_CLASS = YES_ERROR;
				CLANG_WARN_SUSPICIOUS_MOVE = YES;
				CLANG_WARN_UNREACHABLE_CODE = YES;
				CLANG_WARN__DUPLICATE_METHOD_MATCH = YES;
				"CODE_SIGN_IDENTITY[sdk=iphoneos*]" = "iPhone Developer";
				COPY_PHASE_STRIP = NO;
				DEBUG_INFORMATION_FORMAT = dwarf;
				ENABLE_STRICT_OBJC_MSGSEND = YES;
				ENABLE_TESTABILITY = YES;
				GCC_C_LANGUAGE_STANDARD = gnu99;
				GCC_DYNAMIC_NO_PIC = NO;
				GCC_NO_COMMON_BLOCKS = YES;
				GCC_OPTIMIZATION_LEVEL = 0;
				GCC_PREPROCESSOR_DEFINITIONS = (
					"DEBUG=1",
					"$(inherited)",
				);
				GCC_WARN_64_TO_32_BIT_CONVERSION = YES;
				GCC_WARN_ABOUT_RETURN_TYPE = YES_ERROR;
				GCC_WARN_UNDECLARED_SELECTOR = YES;
				GCC_WARN_UNINITIALIZED_AUTOS = YES_AGGRESSIVE;
				GCC_WARN_UNUSED_FUNCTION = YES;
				GCC_WARN_UNUSED_VARIABLE = YES;
				IPHONEOS_DEPLOYMENT_TARGET = 10.2;
				MTL_ENABLE_DEBUG_INFO = YES;
				ONLY_ACTIVE_ARCH = YES;
				SDKROOT = iphoneos;
			};
			name = Debug;
		};
		6C512B451ED7FC9A009764B1 /* Release */ = {
			isa = XCBuildConfiguration;
			buildSettings = {
				ALWAYS_SEARCH_USER_PATHS = NO;
				CLANG_ANALYZER_NONNULL = YES;
				CLANG_CXX_LANGUAGE_STANDARD = "gnu++0x";
				CLANG_CXX_LIBRARY = "libc++";
				CLANG_ENABLE_MODULES = YES;
				CLANG_ENABLE_OBJC_ARC = YES;
				CLANG_WARN_BOOL_CONVERSION = YES;
				CLANG_WARN_CONSTANT_CONVERSION = YES;
				CLANG_WARN_DIRECT_OBJC_ISA_USAGE = YES_ERROR;
				CLANG_WARN_DOCUMENTATION_COMMENTS = YES;
				CLANG_WARN_EMPTY_BODY = YES;
				CLANG_WARN_ENUM_CONVERSION = YES;
				CLANG_WARN_INFINITE_RECURSION = YES;
				CLANG_WARN_INT_CONVERSION = YES;
				CLANG_WARN_OBJC_ROOT_CLASS = YES_ERROR;
				CLANG_WARN_SUSPICIOUS_MOVE = YES;
				CLANG_WARN_UNREACHABLE_CODE = YES;
				CLANG_WARN__DUPLICATE_METHOD_MATCH = YES;
				"CODE_SIGN_IDENTITY[sdk=iphoneos*]" = "iPhone Developer";
				COPY_PHASE_STRIP = NO;
				DEBUG_INFORMATION_FORMAT = "dwarf-with-dsym";
				ENABLE_NS_ASSERTIONS = NO;
				ENABLE_STRICT_OBJC_MSGSEND = YES;
				GCC_C_LANGUAGE_STANDARD = gnu99;
				GCC_NO_COMMON_BLOCKS = YES;
				GCC_WARN_64_TO_32_BIT_CONVERSION = YES;
				GCC_WARN_ABOUT_RETURN_TYPE = YES_ERROR;
				GCC_WARN_UNDECLARED_SELECTOR = YES;
				GCC_WARN_UNINITIALIZED_AUTOS = YES_AGGRESSIVE;
				GCC_WARN_UNUSED_FUNCTION = YES;
				GCC_WARN_UNUSED_VARIABLE = YES;
				IPHONEOS_DEPLOYMENT_TARGET = 10.2;
				MTL_ENABLE_DEBUG_INFO = NO;
				SDKROOT = iphoneos;
				VALIDATE_PRODUCT = YES;
			};
			name = Release;
		};
		6C512B471ED7FC9A009764B1 /* Debug */ = {
			isa = XCBuildConfiguration;
			buildSettings = {
				ASSETCATALOG_COMPILER_APPICON_NAME = AppIcon;
				CLANG_ENABLE_MODULES = YES;
				INFOPLIST_FILE = objc_getAssociatedObject/Info.plist;
				LD_RUNPATH_SEARCH_PATHS = "$(inherited) @executable_path/Frameworks";
				PRODUCT_BUNDLE_IDENTIFIER = "com.alldk.objc-getAssociatedObject";
				PRODUCT_NAME = "$(TARGET_NAME)";
				SWIFT_OBJC_BRIDGING_HEADER = "objc_getAssociatedObject/objc_getAssociatedObject-Bridging-Header.h";
				SWIFT_OPTIMIZATION_LEVEL = "-Onone";
				SWIFT_VERSION = 3.0;
			};
			name = Debug;
		};
		6C512B481ED7FC9A009764B1 /* Release */ = {
			isa = XCBuildConfiguration;
			buildSettings = {
				ASSETCATALOG_COMPILER_APPICON_NAME = AppIcon;
				CLANG_ENABLE_MODULES = YES;
				INFOPLIST_FILE = objc_getAssociatedObject/Info.plist;
				LD_RUNPATH_SEARCH_PATHS = "$(inherited) @executable_path/Frameworks";
				PRODUCT_BUNDLE_IDENTIFIER = "com.alldk.objc-getAssociatedObject";
				PRODUCT_NAME = "$(TARGET_NAME)";
				SWIFT_OBJC_BRIDGING_HEADER = "objc_getAssociatedObject/objc_getAssociatedObject-Bridging-Header.h";
				SWIFT_VERSION = 3.0;
			};
			name = Release;
		};
/* End XCBuildConfiguration section */

/* Begin XCConfigurationList section */
		6C512B2A1ED7FC9A009764B1 /* Build configuration list for PBXProject "objc_getAssociatedObject" */ = {
			isa = XCConfigurationList;
			buildConfigurations = (
				6C512B441ED7FC9A009764B1 /* Debug */,
				6C512B451ED7FC9A009764B1 /* Release */,
			);
			defaultConfigurationIsVisible = 0;
			defaultConfigurationName = Release;
		};
		6C512B461ED7FC9A009764B1 /* Build configuration list for PBXNativeTarget "objc_getAssociatedObject" */ = {
			isa = XCConfigurationList;
			buildConfigurations = (
				6C512B471ED7FC9A009764B1 /* Debug */,
				6C512B481ED7FC9A009764B1 /* Release */,
			);
			defaultConfigurationIsVisible = 0;
			defaultConfigurationName = Release;
		};
/* End XCConfigurationList section */
	};
	rootObject = 6C512B271ED7FC9A009764B1 /* Project object */;
}
