// !$*UTF8*$!
{
	archiveVersion = 1;
	classes = {
	};
	objectVersion = 48;
	objects = {

/* Begin PBXBuildFile section */
		6C9EAE5C1EFA58900008D7A4 /* AppDelegate.m in Sources */ = {isa = PBXBuildFile; fileRef = 6C9EAE5B1EFA58900008D7A4 /* AppDelegate.m */; };
		6C9EAE5F1EFA58900008D7A4 /* ViewController.m in Sources */ = {isa = PBXBuildFile; fileRef = 6C9EAE5E1EFA58900008D7A4 /* ViewController.m */; };
		6C9EAE621EFA58900008D7A4 /* Main.storyboard in Resources */ = {isa = PBXBuildFile; fileRef = 6C9EAE601EFA58900008D7A4 /* Main.storyboard */; };
		6C9EAE641EFA58900008D7A4 /* Assets.xcassets in Resources */ = {isa = PBXBuildFile; fileRef = 6C9EAE631EFA58900008D7A4 /* Assets.xcassets */; };
		6C9EAE671EFA58900008D7A4 /* LaunchScreen.storyboard in Resources */ = {isa = PBXBuildFile; fileRef = 6C9EAE651EFA58900008D7A4 /* LaunchScreen.storyboard */; };
		6C9EAE6A1EFA58900008D7A4 /* main.m in Sources */ = {isa = PBXBuildFile; fileRef = 6C9EAE691EFA58900008D7A4 /* main.m */; };
		6CC706BA1EFA67E0003895CC /* LanyiUseExample.m in Sources */ = {isa = PBXBuildFile; fileRef = 6CC706B91EFA67E0003895CC /* LanyiUseExample.m */; };
		6CC706C01EFA713A003895CC /* DKSdkUseExample.m in Sources */ = {isa = PBXBuildFile; fileRef = 6CC706BF1EFA713A003895CC /* DKSdkUseExample.m */; };
		6CC706C31EFA7A57003895CC /* DzhbUseExample.m in Sources */ = {isa = PBXBuildFile; fileRef = 6CC706C21EFA7A57003895CC /* DzhbUseExample.m */; };
		E861E04BDCD398C2C9E4B8CC /* libPods-UseAFN.a in Frameworks */ = {isa = PBXBuildFile; fileRef = 2353C1EED1463F878CD8A7C2 /* libPods-UseAFN.a */; };
/* End PBXBuildFile section */

/* Begin PBXFileReference section */
		2353C1EED1463F878CD8A7C2 /* libPods-UseAFN.a */ = {isa = PBXFileReference; explicitFileType = archive.ar; includeInIndex = 0; path = "libPods-UseAFN.a"; sourceTree = BUILT_PRODUCTS_DIR; };
		6C9EAE571EFA58900008D7A4 /* UseAFN.app */ = {isa = PBXFileReference; explicitFileType = wrapper.application; includeInIndex = 0; path = UseAFN.app; sourceTree = BUILT_PRODUCTS_DIR; };
		6C9EAE5A1EFA58900008D7A4 /* AppDelegate.h */ = {isa = PBXFileReference; lastKnownFileType = sourcecode.c.h; path = AppDelegate.h; sourceTree = "<group>"; };
		6C9EAE5B1EFA58900008D7A4 /* AppDelegate.m */ = {isa = PBXFileReference; lastKnownFileType = sourcecode.c.objc; path = AppDelegate.m; sourceTree = "<group>"; };
		6C9EAE5D1EFA58900008D7A4 /* ViewController.h */ = {isa = PBXFileReference; lastKnownFileType = sourcecode.c.h; path = ViewController.h; sourceTree = "<group>"; };
		6C9EAE5E1EFA58900008D7A4 /* ViewController.m */ = {isa = PBXFileReference; lastKnownFileType = sourcecode.c.objc; path = ViewController.m; sourceTree = "<group>"; };
		6C9EAE611EFA58900008D7A4 /* Base */ = {isa = PBXFileReference; lastKnownFileType = file.storyboard; name = Base; path = Base.lproj/Main.storyboard; sourceTree = "<group>"; };
		6C9EAE631EFA58900008D7A4 /* Assets.xcassets */ = {isa = PBXFileReference; lastKnownFileType = folder.assetcatalog; path = Assets.xcassets; sourceTree = "<group>"; };
		6C9EAE661EFA58900008D7A4 /* Base */ = {isa = PBXFileReference; lastKnownFileType = file.storyboard; name = Base; path = Base.lproj/LaunchScreen.storyboard; sourceTree = "<group>"; };
		6C9EAE681EFA58900008D7A4 /* Info.plist */ = {isa = PBXFileReference; lastKnownFileType = text.plist.xml; path = Info.plist; sourceTree = "<group>"; };
		6C9EAE691EFA58900008D7A4 /* main.m */ = {isa = PBXFileReference; lastKnownFileType = sourcecode.c.objc; path = main.m; sourceTree = "<group>"; };
		6CC706B81EFA67E0003895CC /* LanyiUseExample.h */ = {isa = PBXFileReference; fileEncoding = 4; lastKnownFileType = sourcecode.c.h; path = LanyiUseExample.h; sourceTree = "<group>"; };
		6CC706B91EFA67E0003895CC /* LanyiUseExample.m */ = {isa = PBXFileReference; fileEncoding = 4; lastKnownFileType = sourcecode.c.objc; path = LanyiUseExample.m; sourceTree = "<group>"; };
		6CC706BE1EFA713A003895CC /* DKSdkUseExample.h */ = {isa = PBXFileReference; fileEncoding = 4; lastKnownFileType = sourcecode.c.h; path = DKSdkUseExample.h; sourceTree = "<group>"; };
		6CC706BF1EFA713A003895CC /* DKSdkUseExample.m */ = {isa = PBXFileReference; fileEncoding = 4; lastKnownFileType = sourcecode.c.objc; path = DKSdkUseExample.m; sourceTree = "<group>"; };
		6CC706C11EFA7A57003895CC /* DzhbUseExample.h */ = {isa = PBXFileReference; fileEncoding = 4; lastKnownFileType = sourcecode.c.h; path = DzhbUseExample.h; sourceTree = "<group>"; };
		6CC706C21EFA7A57003895CC /* DzhbUseExample.m */ = {isa = PBXFileReference; fileEncoding = 4; lastKnownFileType = sourcecode.c.objc; path = DzhbUseExample.m; sourceTree = "<group>"; };
		9BC5E5A2C348B69B53C46BAC /* Pods-UseAFN.debug.xcconfig */ = {isa = PBXFileReference; includeInIndex = 1; lastKnownFileType = text.xcconfig; name = "Pods-UseAFN.debug.xcconfig"; path = "Pods/Target Support Files/Pods-UseAFN/Pods-UseAFN.debug.xcconfig"; sourceTree = "<group>"; };
		EF7ED92562922780A05FDFB6 /* Pods-UseAFN.release.xcconfig */ = {isa = PBXFileReference; includeInIndex = 1; lastKnownFileType = text.xcconfig; name = "Pods-UseAFN.release.xcconfig"; path = "Pods/Target Support Files/Pods-UseAFN/Pods-UseAFN.release.xcconfig"; sourceTree = "<group>"; };
/* End PBXFileReference section */

/* Begin PBXFrameworksBuildPhase section */
		6C9EAE541EFA58900008D7A4 /* Frameworks */ = {
			isa = PBXFrameworksBuildPhase;
			buildActionMask = 2147483647;
			files = (
				E861E04BDCD398C2C9E4B8CC /* libPods-UseAFN.a in Frameworks */,
			);
			runOnlyForDeploymentPostprocessing = 0;
		};
/* End PBXFrameworksBuildPhase section */

/* Begin PBXGroup section */
		6C9EAE4E1EFA58900008D7A4 = {
			isa = PBXGroup;
			children = (
				6C9EAE591EFA58900008D7A4 /* UseAFN */,
				6C9EAE581EFA58900008D7A4 /* Products */,
				73A623E0053FFFC5458EC229 /* Pods */,
				76446E96659EAB7271D77941 /* Frameworks */,
			);
			sourceTree = "<group>";
		};
		6C9EAE581EFA58900008D7A4 /* Products */ = {
			isa = PBXGroup;
			children = (
				6C9EAE571EFA58900008D7A4 /* UseAFN.app */,
			);
			name = Products;
			sourceTree = "<group>";
		};
		6C9EAE591EFA58900008D7A4 /* UseAFN */ = {
			isa = PBXGroup;
			children = (
				6CC706B71EFA67BE003895CC /* Use */,
				6C9EAE5A1EFA58900008D7A4 /* AppDelegate.h */,
				6C9EAE5B1EFA58900008D7A4 /* AppDelegate.m */,
				6C9EAE5D1EFA58900008D7A4 /* ViewController.h */,
				6C9EAE5E1EFA58900008D7A4 /* ViewController.m */,
				6C9EAE601EFA58900008D7A4 /* Main.storyboard */,
				6C9EAE631EFA58900008D7A4 /* Assets.xcassets */,
				6C9EAE651EFA58900008D7A4 /* LaunchScreen.storyboard */,
				6C9EAE681EFA58900008D7A4 /* Info.plist */,
				6C9EAE691EFA58900008D7A4 /* main.m */,
			);
			path = UseAFN;
			sourceTree = "<group>";
		};
		6CC706B71EFA67BE003895CC /* Use */ = {
			isa = PBXGroup;
			children = (
				6CC706B81EFA67E0003895CC /* LanyiUseExample.h */,
				6CC706B91EFA67E0003895CC /* LanyiUseExample.m */,
				6CC706BE1EFA713A003895CC /* DKSdkUseExample.h */,
				6CC706BF1EFA713A003895CC /* DKSdkUseExample.m */,
				6CC706C11EFA7A57003895CC /* DzhbUseExample.h */,
				6CC706C21EFA7A57003895CC /* DzhbUseExample.m */,
			);
			path = Use;
			sourceTree = "<group>";
		};
		73A623E0053FFFC5458EC229 /* Pods */ = {
			isa = PBXGroup;
			children = (
				9BC5E5A2C348B69B53C46BAC /* Pods-UseAFN.debug.xcconfig */,
				EF7ED92562922780A05FDFB6 /* Pods-UseAFN.release.xcconfig */,
			);
			name = Pods;
			sourceTree = "<group>";
		};
		76446E96659EAB7271D77941 /* Frameworks */ = {
			isa = PBXGroup;
			children = (
				2353C1EED1463F878CD8A7C2 /* libPods-UseAFN.a */,
			);
			name = Frameworks;
			sourceTree = "<group>";
		};
/* End PBXGroup section */

/* Begin PBXNativeTarget section */
		6C9EAE561EFA58900008D7A4 /* UseAFN */ = {
			isa = PBXNativeTarget;
			buildConfigurationList = 6C9EAE6D1EFA58900008D7A4 /* Build configuration list for PBXNativeTarget "UseAFN" */;
			buildPhases = (
				DA94DE16A770B14AB30BB505 /* [CP] Check Pods Manifest.lock */,
				6C9EAE531EFA58900008D7A4 /* Sources */,
				6C9EAE541EFA58900008D7A4 /* Frameworks */,
				6C9EAE551EFA58900008D7A4 /* Resources */,
				389C8AF53ED2A78AB960C1E0 /* [CP] Embed Pods Frameworks */,
				28694121506FFF0C04DB2C52 /* [CP] Copy Pods Resources */,
			);
			buildRules = (
			);
			dependencies = (
			);
			name = UseAFN;
			productName = UseAFN;
			productReference = 6C9EAE571EFA58900008D7A4 /* UseAFN.app */;
			productType = "com.apple.product-type.application";
		};
/* End PBXNativeTarget section */

/* Begin PBXProject section */
		6C9EAE4F1EFA58900008D7A4 /* Project object */ = {
			isa = PBXProject;
			attributes = {
				LastUpgradeCheck = 0900;
				ORGANIZATIONNAME = alldk;
				TargetAttributes = {
					6C9EAE561EFA58900008D7A4 = {
						CreatedOnToolsVersion = 9.0;
					};
				};
			};
			buildConfigurationList = 6C9EAE521EFA58900008D7A4 /* Build configuration list for PBXProject "UseAFN" */;
			compatibilityVersion = "Xcode 8.0";
			developmentRegion = en;
			hasScannedForEncodings = 0;
			knownRegions = (
				en,
				Base,
			);
			mainGroup = 6C9EAE4E1EFA58900008D7A4;
			productRefGroup = 6C9EAE581EFA58900008D7A4 /* Products */;
			projectDirPath = "";
			projectRoot = "";
			targets = (
				6C9EAE561EFA58900008D7A4 /* UseAFN */,
			);
		};
/* End PBXProject section */

/* Begin PBXResourcesBuildPhase section */
		6C9EAE551EFA58900008D7A4 /* Resources */ = {
			isa = PBXResourcesBuildPhase;
			buildActionMask = 2147483647;
			files = (
				6C9EAE671EFA58900008D7A4 /* LaunchScreen.storyboard in Resources */,
				6C9EAE641EFA58900008D7A4 /* Assets.xcassets in Resources */,
				6C9EAE621EFA58900008D7A4 /* Main.storyboard in Resources */,
			);
			runOnlyForDeploymentPostprocessing = 0;
		};
/* End PBXResourcesBuildPhase section */

/* Begin PBXShellScriptBuildPhase section */
		28694121506FFF0C04DB2C52 /* [CP] Copy Pods Resources */ = {
			isa = PBXShellScriptBuildPhase;
			buildActionMask = 2147483647;
			files = (
			);
			inputPaths = (
			);
			name = "[CP] Copy Pods Resources";
			outputPaths = (
			);
			runOnlyForDeploymentPostprocessing = 0;
			shellPath = /bin/sh;
			shellScript = "\"${SRCROOT}/Pods/Target Support Files/Pods-UseAFN/Pods-UseAFN-resources.sh\"\n";
			showEnvVarsInLog = 0;
		};
		389C8AF53ED2A78AB960C1E0 /* [CP] Embed Pods Frameworks */ = {
			isa = PBXShellScriptBuildPhase;
			buildActionMask = 2147483647;
			files = (
			);
			inputPaths = (
			);
			name = "[CP] Embed Pods Frameworks";
			outputPaths = (
			);
			runOnlyForDeploymentPostprocessing = 0;
			shellPath = /bin/sh;
			shellScript = "\"${SRCROOT}/Pods/Target Support Files/Pods-UseAFN/Pods-UseAFN-frameworks.sh\"\n";
			showEnvVarsInLog = 0;
		};
		DA94DE16A770B14AB30BB505 /* [CP] Check Pods Manifest.lock */ = {
			isa = PBXShellScriptBuildPhase;
			buildActionMask = 2147483647;
			files = (
			);
			inputPaths = (
			);
			name = "[CP] Check Pods Manifest.lock";
			outputPaths = (
			);
			runOnlyForDeploymentPostprocessing = 0;
			shellPath = /bin/sh;
			shellScript = "diff \"${PODS_ROOT}/../Podfile.lock\" \"${PODS_ROOT}/Manifest.lock\" > /dev/null\nif [ $? != 0 ] ; then\n    # print error to STDERR\n    echo \"error: The sandbox is not in sync with the Podfile.lock. Run 'pod install' or update your CocoaPods installation.\" >&2\n    exit 1\nfi\n";
			showEnvVarsInLog = 0;
		};
/* End PBXShellScriptBuildPhase section */

/* Begin PBXSourcesBuildPhase section */
		6C9EAE531EFA58900008D7A4 /* Sources */ = {
			isa = PBXSourcesBuildPhase;
			buildActionMask = 2147483647;
			files = (
				6CC706BA1EFA67E0003895CC /* LanyiUseExample.m in Sources */,
				6C9EAE5F1EFA58900008D7A4 /* ViewController.m in Sources */,
				6CC706C31EFA7A57003895CC /* DzhbUseExample.m in Sources */,
				6CC706C01EFA713A003895CC /* DKSdkUseExample.m in Sources */,
				6C9EAE6A1EFA58900008D7A4 /* main.m in Sources */,
				6C9EAE5C1EFA58900008D7A4 /* AppDelegate.m in Sources */,
			);
			runOnlyForDeploymentPostprocessing = 0;
		};
/* End PBXSourcesBuildPhase section */

/* Begin PBXVariantGroup section */
		6C9EAE601EFA58900008D7A4 /* Main.storyboard */ = {
			isa = PBXVariantGroup;
			children = (
				6C9EAE611EFA58900008D7A4 /* Base */,
			);
			name = Main.storyboard;
			sourceTree = "<group>";
		};
		6C9EAE651EFA58900008D7A4 /* LaunchScreen.storyboard */ = {
			isa = PBXVariantGroup;
			children = (
				6C9EAE661EFA58900008D7A4 /* Base */,
			);
			name = LaunchScreen.storyboard;
			sourceTree = "<group>";
		};
/* End PBXVariantGroup section */

/* Begin XCBuildConfiguration section */
		6C9EAE6B1EFA58900008D7A4 /* Debug */ = {
			isa = XCBuildConfiguration;
			buildSettings = {
				ALWAYS_SEARCH_USER_PATHS = NO;
				CLANG_ANALYZER_NONNULL = YES;
				CLANG_ANALYZER_NUMBER_OBJECT_CONVERSION = YES_AGGRESSIVE;
				CLANG_CXX_LANGUAGE_STANDARD = "gnu++14";
				CLANG_CXX_LIBRARY = "libc++";
				CLANG_ENABLE_MODULES = YES;
				CLANG_ENABLE_OBJC_ARC = YES;
				CLANG_WARN_BLOCK_CAPTURE_AUTORELEASING = YES;
				CLANG_WARN_BOOL_CONVERSION = YES;
				CLANG_WARN_COMMA = YES;
				CLANG_WARN_CONSTANT_CONVERSION = YES;
				CLANG_WARN_DIRECT_OBJC_ISA_USAGE = YES_ERROR;
				CLANG_WARN_DOCUMENTATION_COMMENTS = YES;
				CLANG_WARN_EMPTY_BODY = YES;
				CLANG_WARN_ENUM_CONVERSION = YES;
				CLANG_WARN_INFINITE_RECURSION = YES;
				CLANG_WARN_INT_CONVERSION = YES;
				CLANG_WARN_OBJC_ROOT_CLASS = YES_ERROR;
				CLANG_WARN_RANGE_LOOP_ANALYSIS = YES;
				CLANG_WARN_STRICT_PROTOTYPES = YES;
				CLANG_WARN_SUSPICIOUS_MOVE = YES;
				CLANG_WARN_UNGUARDED_AVAILABILITY = YES_AGGRESSIVE;
				CLANG_WARN_UNREACHABLE_CODE = YES;
				CLANG_WARN__DUPLICATE_METHOD_MATCH = YES;
				CODE_SIGN_IDENTITY = "iPhone Developer";
				COPY_PHASE_STRIP = NO;
				DEBUG_INFORMATION_FORMAT = dwarf;
				ENABLE_STRICT_OBJC_MSGSEND = YES;
				ENABLE_TESTABILITY = YES;
				GCC_C_LANGUAGE_STANDARD = gnu11;
				GCC_DYNAMIC_NO_PIC = NO;
				GCC_NO_COMMON_BLOCKS = YES;
				GCC_OPTIMIZATION_LEVEL = 0;
				GCC_PREPROCESSOR_DEFINITIONS = (
					"DEBUG=1",
					"$(inherited)",
				);
				GCC_WARN_64_TO_32_BIT_CONVERSION = YES;
				GCC_WARN_ABOUT_RETURN_TYPE = YES_ERROR;
				GCC_WARN_UNDECLARED_SELECTOR = YES;
				GCC_WARN_UNINITIALIZED_AUTOS = YES_AGGRESSIVE;
				GCC_WARN_UNUSED_FUNCTION = YES;
				GCC_WARN_UNUSED_VARIABLE = YES;
				IPHONEOS_DEPLOYMENT_TARGET = 11.0;
				MTL_ENABLE_DEBUG_INFO = YES;
				ONLY_ACTIVE_ARCH = YES;
				SDKROOT = iphoneos;
			};
			name = Debug;
		};
		6C9EAE6C1EFA58900008D7A4 /* Release */ = {
			isa = XCBuildConfiguration;
			buildSettings = {
				ALWAYS_SEARCH_USER_PATHS = NO;
				CLANG_ANALYZER_NONNULL = YES;
				CLANG_ANALYZER_NUMBER_OBJECT_CONVERSION = YES_AGGRESSIVE;
				CLANG_CXX_LANGUAGE_STANDARD = "gnu++14";
				CLANG_CXX_LIBRARY = "libc++";
				CLANG_ENABLE_MODULES = YES;
				CLANG_ENABLE_OBJC_ARC = YES;
				CLANG_WARN_BLOCK_CAPTURE_AUTORELEASING = YES;
				CLANG_WARN_BOOL_CONVERSION = YES;
				CLANG_WARN_COMMA = YES;
				CLANG_WARN_CONSTANT_CONVERSION = YES;
				CLANG_WARN_DIRECT_OBJC_ISA_USAGE = YES_ERROR;
				CLANG_WARN_DOCUMENTATION_COMMENTS = YES;
				CLANG_WARN_EMPTY_BODY = YES;
				CLANG_WARN_ENUM_CONVERSION = YES;
				CLANG_WARN_INFINITE_RECURSION = YES;
				CLANG_WARN_INT_CONVERSION = YES;
				CLANG_WARN_OBJC_ROOT_CLASS = YES_ERROR;
				CLANG_WARN_RANGE_LOOP_ANALYSIS = YES;
				CLANG_WARN_STRICT_PROTOTYPES = YES;
				CLANG_WARN_SUSPICIOUS_MOVE = YES;
				CLANG_WARN_UNGUARDED_AVAILABILITY = YES_AGGRESSIVE;
				CLANG_WARN_UNREACHABLE_CODE = YES;
				CLANG_WARN__DUPLICATE_METHOD_MATCH = YES;
				CODE_SIGN_IDENTITY = "iPhone Developer";
				COPY_PHASE_STRIP = NO;
				DEBUG_INFORMATION_FORMAT = "dwarf-with-dsym";
				ENABLE_NS_ASSERTIONS = NO;
				ENABLE_STRICT_OBJC_MSGSEND = YES;
				GCC_C_LANGUAGE_STANDARD = gnu11;
				GCC_NO_COMMON_BLOCKS = YES;
				GCC_WARN_64_TO_32_BIT_CONVERSION = YES;
				GCC_WARN_ABOUT_RETURN_TYPE = YES_ERROR;
				GCC_WARN_UNDECLARED_SELECTOR = YES;
				GCC_WARN_UNINITIALIZED_AUTOS = YES_AGGRESSIVE;
				GCC_WARN_UNUSED_FUNCTION = YES;
				GCC_WARN_UNUSED_VARIABLE = YES;
				IPHONEOS_DEPLOYMENT_TARGET = 11.0;
				MTL_ENABLE_DEBUG_INFO = NO;
				SDKROOT = iphoneos;
				VALIDATE_PRODUCT = YES;
			};
			name = Release;
		};
		6C9EAE6E1EFA58900008D7A4 /* Debug */ = {
			isa = XCBuildConfiguration;
			baseConfigurationReference = 9BC5E5A2C348B69B53C46BAC /* Pods-UseAFN.debug.xcconfig */;
			buildSettings = {
				ASSETCATALOG_COMPILER_APPICON_NAME = AppIcon;
				DEVELOPMENT_TEAM = QGJ65HGR22;
				INFOPLIST_FILE = UseAFN/Info.plist;
				IPHONEOS_DEPLOYMENT_TARGET = 8.0;
				LD_RUNPATH_SEARCH_PATHS = "$(inherited) @executable_path/Frameworks";
				PRODUCT_BUNDLE_IDENTIFIER = com.alldk.UseAFN;
				PRODUCT_NAME = "$(TARGET_NAME)";
				TARGETED_DEVICE_FAMILY = "1,2";
			};
			name = Debug;
		};
		6C9EAE6F1EFA58900008D7A4 /* Release */ = {
			isa = XCBuildConfiguration;
			baseConfigurationReference = EF7ED92562922780A05FDFB6 /* Pods-UseAFN.release.xcconfig */;
			buildSettings = {
				ASSETCATALOG_COMPILER_APPICON_NAME = AppIcon;
				DEVELOPMENT_TEAM = QGJ65HGR22;
				INFOPLIST_FILE = UseAFN/Info.plist;
				IPHONEOS_DEPLOYMENT_TARGET = 8.0;
				LD_RUNPATH_SEARCH_PATHS = "$(inherited) @executable_path/Frameworks";
				PRODUCT_BUNDLE_IDENTIFIER = com.alldk.UseAFN;
				PRODUCT_NAME = "$(TARGET_NAME)";
				TARGETED_DEVICE_FAMILY = "1,2";
			};
			name = Release;
		};
/* End XCBuildConfiguration section */

/* Begin XCConfigurationList section */
		6C9EAE521EFA58900008D7A4 /* Build configuration list for PBXProject "UseAFN" */ = {
			isa = XCConfigurationList;
			buildConfigurations = (
				6C9EAE6B1EFA58900008D7A4 /* Debug */,
				6C9EAE6C1EFA58900008D7A4 /* Release */,
			);
			defaultConfigurationIsVisible = 0;
			defaultConfigurationName = Release;
		};
		6C9EAE6D1EFA58900008D7A4 /* Build configuration list for PBXNativeTarget "UseAFN" */ = {
			isa = XCConfigurationList;
			buildConfigurations = (
				6C9EAE6E1EFA58900008D7A4 /* Debug */,
				6C9EAE6F1EFA58900008D7A4 /* Release */,
			);
			defaultConfigurationIsVisible = 0;
			defaultConfigurationName = Release;
		};
/* End XCConfigurationList section */
	};
	rootObject = 6C9EAE4F1EFA58900008D7A4 /* Project object */;
}
