// !$*UTF8*$!
{
	archiveVersion = 1;
	classes = {
	};
	objectVersion = 46;
	objects = {

/* Begin PBXBuildFile section */
		6CCC364B1F541A690062D606 /* AppDelegate.swift in Sources */ = {isa = PBXBuildFile; fileRef = 6CCC364A1F541A690062D606 /* AppDelegate.swift */; };
		6CCC36501F541A690062D606 /* Main.storyboard in Resources */ = {isa = PBXBuildFile; fileRef = 6CCC364E1F541A690062D606 /* Main.storyboard */; };
		6CCC36521F541A690062D606 /* Assets.xcassets in Resources */ = {isa = PBXBuildFile; fileRef = 6CCC36511F541A690062D606 /* Assets.xcassets */; };
		6CCC36551F541A690062D606 /* LaunchScreen.storyboard in Resources */ = {isa = PBXBuildFile; fileRef = 6CCC36531F541A690062D606 /* LaunchScreen.storyboard */; };
		8408226A1F6F68DA001208E7 /* Closures08.swift in Sources */ = {isa = PBXBuildFile; fileRef = 840822691F6F68DA001208E7 /* Closures08.swift */; };
		8408226C1F6F68F5001208E7 /* Enumerations.swift in Sources */ = {isa = PBXBuildFile; fileRef = 8408226B1F6F68F5001208E7 /* Enumerations.swift */; };
		840FCD7C1F8CA42C00E0BC3C /* OptionalChaining.swift in Sources */ = {isa = PBXBuildFile; fileRef = 840FCD7B1F8CA42C00E0BC3C /* OptionalChaining.swift */; };
		841E44181F6923580085CDA1 /* 集合操作.jpg in Resources */ = {isa = PBXBuildFile; fileRef = 841E44171F6923580085CDA1 /* 集合操作.jpg */; };
		841E441A1F6923AA0085CDA1 /* 集合成员关系和相等.jpg in Resources */ = {isa = PBXBuildFile; fileRef = 841E44191F6923AA0085CDA1 /* 集合成员关系和相等.jpg */; };
		843451251F6A746800A46E1B /* Control_Flow06.swift in Sources */ = {isa = PBXBuildFile; fileRef = 843451241F6A746800A46E1B /* Control_Flow06.swift */; };
		843451271F6A7A7800A46E1B /* while循环：蛇和梯子.jpg in Resources */ = {isa = PBXBuildFile; fileRef = 843451261F6A7A7800A46E1B /* while循环：蛇和梯子.jpg */; };
		843451291F6A880700A46E1B /* (x,y).jpg in Resources */ = {isa = PBXBuildFile; fileRef = 843451281F6A880700A46E1B /* (x,y).jpg */; };
		845EA6FC1F6299410089284C /* StringsAndCharacters_04_CollectionTypes_05.swift in Sources */ = {isa = PBXBuildFile; fileRef = 845EA6F91F6299410089284C /* StringsAndCharacters_04_CollectionTypes_05.swift */; };
		845EA6FD1F6299410089284C /* ASwiftTour_01.swift in Sources */ = {isa = PBXBuildFile; fileRef = 845EA6FA1F6299410089284C /* ASwiftTour_01.swift */; };
		845EA6FE1F6299410089284C /* TheBasics_02_BasicOperators_03.swift in Sources */ = {isa = PBXBuildFile; fileRef = 845EA6FB1F6299410089284C /* TheBasics_02_BasicOperators_03.swift */; };
		8464FABB1F7273AB003F88FF /* ClassAndStruct.swift in Sources */ = {isa = PBXBuildFile; fileRef = 8464FABA1F7273AB003F88FF /* ClassAndStruct.swift */; };
		8464FABD1F7273D9003F88FF /* Properties.swift in Sources */ = {isa = PBXBuildFile; fileRef = 8464FABC1F7273D9003F88FF /* Properties.swift */; };
		846EC10B1F95959F00970508 /* NestedTypes.swift in Sources */ = {isa = PBXBuildFile; fileRef = 846EC10A1F95959F00970508 /* NestedTypes.swift */; };
		846EC10D1F95AB4200970508 /* Extensions.swift in Sources */ = {isa = PBXBuildFile; fileRef = 846EC10C1F95AB4200970508 /* Extensions.swift */; };
		847A47851F7F4D70006DA5C0 /* AutoReferenceCounting.swift in Sources */ = {isa = PBXBuildFile; fileRef = 847A47841F7F4D70006DA5C0 /* AutoReferenceCounting.swift */; };
		847CA5281F6B6C1E00663472 /* (x,y)斜边图.jpg in Resources */ = {isa = PBXBuildFile; fileRef = 847CA5271F6B6C1E00663472 /* (x,y)斜边图.jpg */; };
		847CA52A1F6B724C00663472 /* Functions07.swift in Sources */ = {isa = PBXBuildFile; fileRef = 847CA5291F6B724C00663472 /* Functions07.swift */; };
		8493B5181F7A0BA70040E086 /* Inheritance.swift in Sources */ = {isa = PBXBuildFile; fileRef = 8493B5171F7A0BA70040E086 /* Inheritance.swift */; };
		849437221F7B7E130007B8CF /* Initialization.swift in Sources */ = {isa = PBXBuildFile; fileRef = 849437211F7B7E130007B8CF /* Initialization.swift */; };
		849CC3081F96E4440007DF51 /* ViewController.swift in Sources */ = {isa = PBXBuildFile; fileRef = 849CC3071F96E4440007DF51 /* ViewController.swift */; };
		849D89EC1F74E19000AABDE1 /* Methods.swift in Sources */ = {isa = PBXBuildFile; fileRef = 849D89EB1F74E19000AABDE1 /* Methods.swift */; };
		84AE409F1F7F47AD00FEEF91 /* Deinitialization.swift in Sources */ = {isa = PBXBuildFile; fileRef = 84AE409E1F7F47AD00FEEF91 /* Deinitialization.swift */; };
		84C943CA1F9052210052256B /* ErrorHandling.swift in Sources */ = {isa = PBXBuildFile; fileRef = 84C943C91F9052210052256B /* ErrorHandling.swift */; };
		84C943D41F9448690052256B /* TypeCasting.swift in Sources */ = {isa = PBXBuildFile; fileRef = 84C943D31F9448690052256B /* TypeCasting.swift */; };
		84CC92F61F73B0BF003B1AA0 /* Computed Properties sample.jpg in Resources */ = {isa = PBXBuildFile; fileRef = 84CC92F51F73B0BF003B1AA0 /* Computed Properties sample.jpg */; };
		84D9160B1F78EE7200C27EE2 /* Subscripts.swift in Sources */ = {isa = PBXBuildFile; fileRef = 84D9160A1F78EE7200C27EE2 /* Subscripts.swift */; };
/* End PBXBuildFile section */

/* Begin PBXFileReference section */
		6CCC36471F541A690062D606 /* SwiftProgrammingLanguage.app */ = {isa = PBXFileReference; explicitFileType = wrapper.application; includeInIndex = 0; path = SwiftProgrammingLanguage.app; sourceTree = BUILT_PRODUCTS_DIR; };
		6CCC364A1F541A690062D606 /* AppDelegate.swift */ = {isa = PBXFileReference; lastKnownFileType = sourcecode.swift; path = AppDelegate.swift; sourceTree = "<group>"; };
		6CCC364F1F541A690062D606 /* Base */ = {isa = PBXFileReference; lastKnownFileType = file.storyboard; name = Base; path = Base.lproj/Main.storyboard; sourceTree = "<group>"; };
		6CCC36511F541A690062D606 /* Assets.xcassets */ = {isa = PBXFileReference; lastKnownFileType = folder.assetcatalog; path = Assets.xcassets; sourceTree = "<group>"; };
		6CCC36541F541A690062D606 /* Base */ = {isa = PBXFileReference; lastKnownFileType = file.storyboard; name = Base; path = Base.lproj/LaunchScreen.storyboard; sourceTree = "<group>"; };
		6CCC36561F541A690062D606 /* Info.plist */ = {isa = PBXFileReference; lastKnownFileType = text.plist.xml; path = Info.plist; sourceTree = "<group>"; };
		840822691F6F68DA001208E7 /* Closures08.swift */ = {isa = PBXFileReference; fileEncoding = 4; lastKnownFileType = sourcecode.swift; path = Closures08.swift; sourceTree = "<group>"; };
		8408226B1F6F68F5001208E7 /* Enumerations.swift */ = {isa = PBXFileReference; fileEncoding = 4; lastKnownFileType = sourcecode.swift; path = Enumerations.swift; sourceTree = "<group>"; };
		840FCD781F8C9EAD00E0BC3C /* john 和 unit4A强引用关系.jpg */ = {isa = PBXFileReference; lastKnownFileType = image.jpeg; path = "john 和 unit4A强引用关系.jpg"; sourceTree = "<group>"; };
		840FCD791F8C9FA700E0BC3C /* john 和 unit4A弱引用关系.jpg */ = {isa = PBXFileReference; lastKnownFileType = image.jpeg; path = "john 和 unit4A弱引用关系.jpg"; sourceTree = "<group>"; };
		840FCD7A1F8CA09A00E0BC3C /* Customer 和 CreditCard 无主引用.jpg */ = {isa = PBXFileReference; lastKnownFileType = image.jpeg; path = "Customer 和 CreditCard 无主引用.jpg"; sourceTree = "<group>"; };
		840FCD7B1F8CA42C00E0BC3C /* OptionalChaining.swift */ = {isa = PBXFileReference; lastKnownFileType = sourcecode.swift; path = OptionalChaining.swift; sourceTree = "<group>"; };
		840FCD7D1F8CA45F00E0BC3C /* 闭包捕获列表解决闭包引起的强引用.jpg */ = {isa = PBXFileReference; lastKnownFileType = image.jpeg; path = "闭包捕获列表解决闭包引起的强引用.jpg"; sourceTree = "<group>"; };
		841E44171F6923580085CDA1 /* 集合操作.jpg */ = {isa = PBXFileReference; lastKnownFileType = image.jpeg; path = "集合操作.jpg"; sourceTree = "<group>"; };
		841E44191F6923AA0085CDA1 /* 集合成员关系和相等.jpg */ = {isa = PBXFileReference; lastKnownFileType = image.jpeg; path = "集合成员关系和相等.jpg"; sourceTree = "<group>"; };
		843451241F6A746800A46E1B /* Control_Flow06.swift */ = {isa = PBXFileReference; fileEncoding = 4; lastKnownFileType = sourcecode.swift; path = Control_Flow06.swift; sourceTree = "<group>"; };
		843451261F6A7A7800A46E1B /* while循环：蛇和梯子.jpg */ = {isa = PBXFileReference; lastKnownFileType = image.jpeg; path = "while循环：蛇和梯子.jpg"; sourceTree = "<group>"; };
		843451281F6A880700A46E1B /* (x,y).jpg */ = {isa = PBXFileReference; lastKnownFileType = image.jpeg; path = "(x,y).jpg"; sourceTree = "<group>"; };
		845EA6F91F6299410089284C /* StringsAndCharacters_04_CollectionTypes_05.swift */ = {isa = PBXFileReference; fileEncoding = 4; lastKnownFileType = sourcecode.swift; path = StringsAndCharacters_04_CollectionTypes_05.swift; sourceTree = "<group>"; };
		845EA6FA1F6299410089284C /* ASwiftTour_01.swift */ = {isa = PBXFileReference; fileEncoding = 4; lastKnownFileType = sourcecode.swift; path = ASwiftTour_01.swift; sourceTree = "<group>"; };
		845EA6FB1F6299410089284C /* TheBasics_02_BasicOperators_03.swift */ = {isa = PBXFileReference; fileEncoding = 4; lastKnownFileType = sourcecode.swift; path = TheBasics_02_BasicOperators_03.swift; sourceTree = "<group>"; };
		8464E9BF1F7CEA7400EFFF24 /* 构造器代理图.jpg */ = {isa = PBXFileReference; lastKnownFileType = image.jpeg; path = "构造器代理图.jpg"; sourceTree = "<group>"; };
		8464E9C01F7CEB1700EFFF24 /* 复杂构造器代理图.jpg */ = {isa = PBXFileReference; lastKnownFileType = image.jpeg; path = "复杂构造器代理图.jpg"; sourceTree = "<group>"; };
		8464E9C11F7CEE6200EFFF24 /* 构建过程阶段2.jpg */ = {isa = PBXFileReference; lastKnownFileType = image.jpeg; path = "构建过程阶段2.jpg"; sourceTree = "<group>"; };
		8464E9C21F7CEE6200EFFF24 /* 构建过程阶段1.jpg */ = {isa = PBXFileReference; lastKnownFileType = image.jpeg; path = "构建过程阶段1.jpg"; sourceTree = "<group>"; };
		8464E9C31F7CF40200EFFF24 /* Food构造器链.jpg */ = {isa = PBXFileReference; lastKnownFileType = image.jpeg; path = "Food构造器链.jpg"; sourceTree = "<group>"; };
		8464E9C41F7CF40200EFFF24 /* RecipeIngredient构造器.jpg */ = {isa = PBXFileReference; lastKnownFileType = image.jpeg; path = "RecipeIngredient构造器.jpg"; sourceTree = "<group>"; };
		8464E9C51F7CF82800EFFF24 /* 三类构造器图.jpg */ = {isa = PBXFileReference; lastKnownFileType = image.jpeg; path = "三类构造器图.jpg"; sourceTree = "<group>"; };
		8464FABA1F7273AB003F88FF /* ClassAndStruct.swift */ = {isa = PBXFileReference; fileEncoding = 4; lastKnownFileType = sourcecode.swift; path = ClassAndStruct.swift; sourceTree = "<group>"; };
		8464FABC1F7273D9003F88FF /* Properties.swift */ = {isa = PBXFileReference; fileEncoding = 4; lastKnownFileType = sourcecode.swift; path = Properties.swift; sourceTree = "<group>"; };
		846EC10A1F95959F00970508 /* NestedTypes.swift */ = {isa = PBXFileReference; lastKnownFileType = sourcecode.swift; path = NestedTypes.swift; sourceTree = "<group>"; };
		846EC10C1F95AB4200970508 /* Extensions.swift */ = {isa = PBXFileReference; lastKnownFileType = sourcecode.swift; path = Extensions.swift; sourceTree = "<group>"; };
		847A47841F7F4D70006DA5C0 /* AutoReferenceCounting.swift */ = {isa = PBXFileReference; lastKnownFileType = sourcecode.swift; path = AutoReferenceCounting.swift; sourceTree = "<group>"; };
		847CA5271F6B6C1E00663472 /* (x,y)斜边图.jpg */ = {isa = PBXFileReference; lastKnownFileType = image.jpeg; path = "(x,y)斜边图.jpg"; sourceTree = "<group>"; };
		847CA5291F6B724C00663472 /* Functions07.swift */ = {isa = PBXFileReference; fileEncoding = 4; lastKnownFileType = sourcecode.swift; path = Functions07.swift; sourceTree = "<group>"; };
		8493B5171F7A0BA70040E086 /* Inheritance.swift */ = {isa = PBXFileReference; lastKnownFileType = sourcecode.swift; path = Inheritance.swift; sourceTree = "<group>"; };
		849437211F7B7E130007B8CF /* Initialization.swift */ = {isa = PBXFileReference; lastKnownFileType = sourcecode.swift; path = Initialization.swift; sourceTree = "<group>"; };
		849CC3071F96E4440007DF51 /* ViewController.swift */ = {isa = PBXFileReference; lastKnownFileType = sourcecode.swift; path = ViewController.swift; sourceTree = "<group>"; };
		849D89EA1F74C0A800AABDE1 /* Static Properties VUMeter.jpg */ = {isa = PBXFileReference; lastKnownFileType = image.jpeg; path = "Static Properties VUMeter.jpg"; sourceTree = "<group>"; };
		849D89EB1F74E19000AABDE1 /* Methods.swift */ = {isa = PBXFileReference; lastKnownFileType = sourcecode.swift; path = Methods.swift; sourceTree = "<group>"; };
		84AE409D1F7F44DC00FEEF91 /* 西洋跳棋棋盘.jpg */ = {isa = PBXFileReference; lastKnownFileType = image.jpeg; path = "西洋跳棋棋盘.jpg"; sourceTree = "<group>"; };
		84AE409E1F7F47AD00FEEF91 /* Deinitialization.swift */ = {isa = PBXFileReference; lastKnownFileType = sourcecode.swift; path = Deinitialization.swift; sourceTree = "<group>"; };
		84C943C91F9052210052256B /* ErrorHandling.swift */ = {isa = PBXFileReference; lastKnownFileType = sourcecode.swift; path = ErrorHandling.swift; sourceTree = "<group>"; };
		84C943D31F9448690052256B /* TypeCasting.swift */ = {isa = PBXFileReference; lastKnownFileType = sourcecode.swift; path = TypeCasting.swift; sourceTree = "<group>"; };
		84CC92F51F73B0BF003B1AA0 /* Computed Properties sample.jpg */ = {isa = PBXFileReference; lastKnownFileType = image.jpeg; path = "Computed Properties sample.jpg"; sourceTree = "<group>"; };
		84D9160A1F78EE7200C27EE2 /* Subscripts.swift */ = {isa = PBXFileReference; lastKnownFileType = sourcecode.swift; path = Subscripts.swift; sourceTree = "<group>"; };
/* End PBXFileReference section */

/* Begin PBXFrameworksBuildPhase section */
		6CCC36441F541A690062D606 /* Frameworks */ = {
			isa = PBXFrameworksBuildPhase;
			buildActionMask = 2147483647;
			files = (
			);
			runOnlyForDeploymentPostprocessing = 0;
		};
/* End PBXFrameworksBuildPhase section */

/* Begin PBXGroup section */
		6CCC363E1F541A690062D606 = {
			isa = PBXGroup;
			children = (
				6CCC36491F541A690062D606 /* SwiftProgrammingLanguage */,
				6CCC36481F541A690062D606 /* Products */,
			);
			sourceTree = "<group>";
		};
		6CCC36481F541A690062D606 /* Products */ = {
			isa = PBXGroup;
			children = (
				6CCC36471F541A690062D606 /* SwiftProgrammingLanguage.app */,
			);
			name = Products;
			sourceTree = "<group>";
		};
		6CCC36491F541A690062D606 /* SwiftProgrammingLanguage */ = {
			isa = PBXGroup;
			children = (
				6CCC364A1F541A690062D606 /* AppDelegate.swift */,
				849CC3071F96E4440007DF51 /* ViewController.swift */,
				846EC10C1F95AB4200970508 /* Extensions.swift */,
				846EC10A1F95959F00970508 /* NestedTypes.swift */,
				84C943D31F9448690052256B /* TypeCasting.swift */,
				84C943C91F9052210052256B /* ErrorHandling.swift */,
				840FCD7B1F8CA42C00E0BC3C /* OptionalChaining.swift */,
				847A47841F7F4D70006DA5C0 /* AutoReferenceCounting.swift */,
				84A8AA541F8DAFD600714673 /* AutoReferenceCounting图片 */,
				84AE409E1F7F47AD00FEEF91 /* Deinitialization.swift */,
				849437211F7B7E130007B8CF /* Initialization.swift */,
				84A8AA551F8DAFED00714673 /* Initialization图片 */,
				8493B5171F7A0BA70040E086 /* Inheritance.swift */,
				84D9160A1F78EE7200C27EE2 /* Subscripts.swift */,
				849D89EB1F74E19000AABDE1 /* Methods.swift */,
				8464FABC1F7273D9003F88FF /* Properties.swift */,
				849D89EA1F74C0A800AABDE1 /* Static Properties VUMeter.jpg */,
				84CC92F51F73B0BF003B1AA0 /* Computed Properties sample.jpg */,
				8464FABA1F7273AB003F88FF /* ClassAndStruct.swift */,
				8408226B1F6F68F5001208E7 /* Enumerations.swift */,
				840822691F6F68DA001208E7 /* Closures08.swift */,
				847CA5291F6B724C00663472 /* Functions07.swift */,
				843451241F6A746800A46E1B /* Control_Flow06.swift */,
				84A8AA561F8DAFF900714673 /* Control_Flow图片 */,
				845EA6F91F6299410089284C /* StringsAndCharacters_04_CollectionTypes_05.swift */,
				841E44171F6923580085CDA1 /* 集合操作.jpg */,
				841E44191F6923AA0085CDA1 /* 集合成员关系和相等.jpg */,
				845EA6FB1F6299410089284C /* TheBasics_02_BasicOperators_03.swift */,
				845EA6FA1F6299410089284C /* ASwiftTour_01.swift */,
				6CCC364E1F541A690062D606 /* Main.storyboard */,
				6CCC36511F541A690062D606 /* Assets.xcassets */,
				6CCC36531F541A690062D606 /* LaunchScreen.storyboard */,
				6CCC36561F541A690062D606 /* Info.plist */,
			);
			path = SwiftProgrammingLanguage;
			sourceTree = "<group>";
		};
		84A8AA541F8DAFD600714673 /* AutoReferenceCounting图片 */ = {
			isa = PBXGroup;
			children = (
				840FCD7D1F8CA45F00E0BC3C /* 闭包捕获列表解决闭包引起的强引用.jpg */,
				840FCD7A1F8CA09A00E0BC3C /* Customer 和 CreditCard 无主引用.jpg */,
				840FCD791F8C9FA700E0BC3C /* john 和 unit4A弱引用关系.jpg */,
				840FCD781F8C9EAD00E0BC3C /* john 和 unit4A强引用关系.jpg */,
			);
			path = "AutoReferenceCounting图片";
			sourceTree = "<group>";
		};
		84A8AA551F8DAFED00714673 /* Initialization图片 */ = {
			isa = PBXGroup;
			children = (
				84AE409D1F7F44DC00FEEF91 /* 西洋跳棋棋盘.jpg */,
				8464E9BF1F7CEA7400EFFF24 /* 构造器代理图.jpg */,
				8464E9C01F7CEB1700EFFF24 /* 复杂构造器代理图.jpg */,
				8464E9C21F7CEE6200EFFF24 /* 构建过程阶段1.jpg */,
				8464E9C11F7CEE6200EFFF24 /* 构建过程阶段2.jpg */,
				8464E9C31F7CF40200EFFF24 /* Food构造器链.jpg */,
				8464E9C41F7CF40200EFFF24 /* RecipeIngredient构造器.jpg */,
				8464E9C51F7CF82800EFFF24 /* 三类构造器图.jpg */,
			);
			path = "Initialization图片";
			sourceTree = "<group>";
		};
		84A8AA561F8DAFF900714673 /* Control_Flow图片 */ = {
			isa = PBXGroup;
			children = (
				843451261F6A7A7800A46E1B /* while循环：蛇和梯子.jpg */,
				843451281F6A880700A46E1B /* (x,y).jpg */,
				847CA5271F6B6C1E00663472 /* (x,y)斜边图.jpg */,
			);
			path = "Control_Flow图片";
			sourceTree = "<group>";
		};
/* End PBXGroup section */

/* Begin PBXNativeTarget section */
		6CCC36461F541A690062D606 /* SwiftProgrammingLanguage */ = {
			isa = PBXNativeTarget;
			buildConfigurationList = 6CCC36591F541A690062D606 /* Build configuration list for PBXNativeTarget "SwiftProgrammingLanguage" */;
			buildPhases = (
				6CCC36431F541A690062D606 /* Sources */,
				6CCC36441F541A690062D606 /* Frameworks */,
				6CCC36451F541A690062D606 /* Resources */,
			);
			buildRules = (
			);
			dependencies = (
			);
			name = SwiftProgrammingLanguage;
			productName = SwiftProgrammingLanguage;
			productReference = 6CCC36471F541A690062D606 /* SwiftProgrammingLanguage.app */;
			productType = "com.apple.product-type.application";
		};
/* End PBXNativeTarget section */

/* Begin PBXProject section */
		6CCC363F1F541A690062D606 /* Project object */ = {
			isa = PBXProject;
			attributes = {
				LastSwiftUpdateCheck = 0830;
				LastUpgradeCheck = 0830;
				ORGANIZATIONNAME = alldk;
				TargetAttributes = {
					6CCC36461F541A690062D606 = {
						CreatedOnToolsVersion = 8.3.3;
						DevelopmentTeam = QGJ65HGR22;
						ProvisioningStyle = Automatic;
					};
				};
			};
			buildConfigurationList = 6CCC36421F541A690062D606 /* Build configuration list for PBXProject "SwiftProgrammingLanguage" */;
			compatibilityVersion = "Xcode 3.2";
			developmentRegion = English;
			hasScannedForEncodings = 0;
			knownRegions = (
				en,
				Base,
			);
			mainGroup = 6CCC363E1F541A690062D606;
			productRefGroup = 6CCC36481F541A690062D606 /* Products */;
			projectDirPath = "";
			projectRoot = "";
			targets = (
				6CCC36461F541A690062D606 /* SwiftProgrammingLanguage */,
			);
		};
/* End PBXProject section */

/* Begin PBXResourcesBuildPhase section */
		6CCC36451F541A690062D606 /* Resources */ = {
			isa = PBXResourcesBuildPhase;
			buildActionMask = 2147483647;
			files = (
				6CCC36551F541A690062D606 /* LaunchScreen.storyboard in Resources */,
				847CA5281F6B6C1E00663472 /* (x,y)斜边图.jpg in Resources */,
				84CC92F61F73B0BF003B1AA0 /* Computed Properties sample.jpg in Resources */,
				843451271F6A7A7800A46E1B /* while循环：蛇和梯子.jpg in Resources */,
				6CCC36521F541A690062D606 /* Assets.xcassets in Resources */,
				843451291F6A880700A46E1B /* (x,y).jpg in Resources */,
				6CCC36501F541A690062D606 /* Main.storyboard in Resources */,
				841E441A1F6923AA0085CDA1 /* 集合成员关系和相等.jpg in Resources */,
				841E44181F6923580085CDA1 /* 集合操作.jpg in Resources */,
			);
			runOnlyForDeploymentPostprocessing = 0;
		};
/* End PBXResourcesBuildPhase section */

/* Begin PBXSourcesBuildPhase section */
		6CCC36431F541A690062D606 /* Sources */ = {
			isa = PBXSourcesBuildPhase;
			buildActionMask = 2147483647;
			files = (
				84AE409F1F7F47AD00FEEF91 /* Deinitialization.swift in Sources */,
				84C943D41F9448690052256B /* TypeCasting.swift in Sources */,
				843451251F6A746800A46E1B /* Control_Flow06.swift in Sources */,
				8408226C1F6F68F5001208E7 /* Enumerations.swift in Sources */,
				849CC3081F96E4440007DF51 /* ViewController.swift in Sources */,
				845EA6FC1F6299410089284C /* StringsAndCharacters_04_CollectionTypes_05.swift in Sources */,
				8464FABB1F7273AB003F88FF /* ClassAndStruct.swift in Sources */,
				849437221F7B7E130007B8CF /* Initialization.swift in Sources */,
				849D89EC1F74E19000AABDE1 /* Methods.swift in Sources */,
				845EA6FD1F6299410089284C /* ASwiftTour_01.swift in Sources */,
				84D9160B1F78EE7200C27EE2 /* Subscripts.swift in Sources */,
				846EC10B1F95959F00970508 /* NestedTypes.swift in Sources */,
				840FCD7C1F8CA42C00E0BC3C /* OptionalChaining.swift in Sources */,
				8464FABD1F7273D9003F88FF /* Properties.swift in Sources */,
				8493B5181F7A0BA70040E086 /* Inheritance.swift in Sources */,
				84C943CA1F9052210052256B /* ErrorHandling.swift in Sources */,
				845EA6FE1F6299410089284C /* TheBasics_02_BasicOperators_03.swift in Sources */,
				8408226A1F6F68DA001208E7 /* Closures08.swift in Sources */,
				6CCC364B1F541A690062D606 /* AppDelegate.swift in Sources */,
				846EC10D1F95AB4200970508 /* Extensions.swift in Sources */,
				847A47851F7F4D70006DA5C0 /* AutoReferenceCounting.swift in Sources */,
				847CA52A1F6B724C00663472 /* Functions07.swift in Sources */,
			);
			runOnlyForDeploymentPostprocessing = 0;
		};
/* End PBXSourcesBuildPhase section */

/* Begin PBXVariantGroup section */
		6CCC364E1F541A690062D606 /* Main.storyboard */ = {
			isa = PBXVariantGroup;
			children = (
				6CCC364F1F541A690062D606 /* Base */,
			);
			name = Main.storyboard;
			sourceTree = "<group>";
		};
		6CCC36531F541A690062D606 /* LaunchScreen.storyboard */ = {
			isa = PBXVariantGroup;
			children = (
				6CCC36541F541A690062D606 /* Base */,
			);
			name = LaunchScreen.storyboard;
			sourceTree = "<group>";
		};
/* End PBXVariantGroup section */

/* Begin XCBuildConfiguration section */
		6CCC36571F541A690062D606 /* Debug */ = {
			isa = XCBuildConfiguration;
			buildSettings = {
				ALWAYS_SEARCH_USER_PATHS = NO;
				CLANG_ANALYZER_NONNULL = YES;
				CLANG_ANALYZER_NUMBER_OBJECT_CONVERSION = YES_AGGRESSIVE;
				CLANG_CXX_LANGUAGE_STANDARD = "gnu++0x";
				CLANG_CXX_LIBRARY = "libc++";
				CLANG_ENABLE_MODULES = YES;
				CLANG_ENABLE_OBJC_ARC = YES;
				CLANG_WARN_BOOL_CONVERSION = YES;
				CLANG_WARN_CONSTANT_CONVERSION = YES;
				CLANG_WARN_DIRECT_OBJC_ISA_USAGE = YES_ERROR;
				CLANG_WARN_DOCUMENTATION_COMMENTS = YES;
				CLANG_WARN_EMPTY_BODY = YES;
				CLANG_WARN_ENUM_CONVERSION = YES;
				CLANG_WARN_INFINITE_RECURSION = YES;
				CLANG_WARN_INT_CONVERSION = YES;
				CLANG_WARN_OBJC_ROOT_CLASS = YES_ERROR;
				CLANG_WARN_SUSPICIOUS_MOVE = YES;
				CLANG_WARN_UNREACHABLE_CODE = YES;
				CLANG_WARN__DUPLICATE_METHOD_MATCH = YES;
				"CODE_SIGN_IDENTITY[sdk=iphoneos*]" = "iPhone Developer";
				COPY_PHASE_STRIP = NO;
				DEBUG_INFORMATION_FORMAT = dwarf;
				ENABLE_STRICT_OBJC_MSGSEND = YES;
				ENABLE_TESTABILITY = YES;
				GCC_C_LANGUAGE_STANDARD = gnu99;
				GCC_DYNAMIC_NO_PIC = NO;
				GCC_NO_COMMON_BLOCKS = YES;
				GCC_OPTIMIZATION_LEVEL = 0;
				GCC_PREPROCESSOR_DEFINITIONS = (
					"DEBUG=1",
					"$(inherited)",
				);
				GCC_WARN_64_TO_32_BIT_CONVERSION = YES;
				GCC_WARN_ABOUT_RETURN_TYPE = YES_ERROR;
				GCC_WARN_UNDECLARED_SELECTOR = YES;
				GCC_WARN_UNINITIALIZED_AUTOS = YES_AGGRESSIVE;
				GCC_WARN_UNUSED_FUNCTION = YES;
				GCC_WARN_UNUSED_VARIABLE = YES;
				IPHONEOS_DEPLOYMENT_TARGET = 10.3;
				MTL_ENABLE_DEBUG_INFO = YES;
				ONLY_ACTIVE_ARCH = YES;
				SDKROOT = iphoneos;
				SWIFT_ACTIVE_COMPILATION_CONDITIONS = DEBUG;
				SWIFT_OPTIMIZATION_LEVEL = "-Onone";
			};
			name = Debug;
		};
		6CCC36581F541A690062D606 /* Release */ = {
			isa = XCBuildConfiguration;
			buildSettings = {
				ALWAYS_SEARCH_USER_PATHS = NO;
				CLANG_ANALYZER_NONNULL = YES;
				CLANG_ANALYZER_NUMBER_OBJECT_CONVERSION = YES_AGGRESSIVE;
				CLANG_CXX_LANGUAGE_STANDARD = "gnu++0x";
				CLANG_CXX_LIBRARY = "libc++";
				CLANG_ENABLE_MODULES = YES;
				CLANG_ENABLE_OBJC_ARC = YES;
				CLANG_WARN_BOOL_CONVERSION = YES;
				CLANG_WARN_CONSTANT_CONVERSION = YES;
				CLANG_WARN_DIRECT_OBJC_ISA_USAGE = YES_ERROR;
				CLANG_WARN_DOCUMENTATION_COMMENTS = YES;
				CLANG_WARN_EMPTY_BODY = YES;
				CLANG_WARN_ENUM_CONVERSION = YES;
				CLANG_WARN_INFINITE_RECURSION = YES;
				CLANG_WARN_INT_CONVERSION = YES;
				CLANG_WARN_OBJC_ROOT_CLASS = YES_ERROR;
				CLANG_WARN_SUSPICIOUS_MOVE = YES;
				CLANG_WARN_UNREACHABLE_CODE = YES;
				CLANG_WARN__DUPLICATE_METHOD_MATCH = YES;
				"CODE_SIGN_IDENTITY[sdk=iphoneos*]" = "iPhone Developer";
				COPY_PHASE_STRIP = NO;
				DEBUG_INFORMATION_FORMAT = "dwarf-with-dsym";
				ENABLE_NS_ASSERTIONS = NO;
				ENABLE_STRICT_OBJC_MSGSEND = YES;
				GCC_C_LANGUAGE_STANDARD = gnu99;
				GCC_NO_COMMON_BLOCKS = YES;
				GCC_WARN_64_TO_32_BIT_CONVERSION = YES;
				GCC_WARN_ABOUT_RETURN_TYPE = YES_ERROR;
				GCC_WARN_UNDECLARED_SELECTOR = YES;
				GCC_WARN_UNINITIALIZED_AUTOS = YES_AGGRESSIVE;
				GCC_WARN_UNUSED_FUNCTION = YES;
				GCC_WARN_UNUSED_VARIABLE = YES;
				IPHONEOS_DEPLOYMENT_TARGET = 10.3;
				MTL_ENABLE_DEBUG_INFO = NO;
				SDKROOT = iphoneos;
				SWIFT_OPTIMIZATION_LEVEL = "-Owholemodule";
				VALIDATE_PRODUCT = YES;
			};
			name = Release;
		};
		6CCC365A1F541A690062D606 /* Debug */ = {
			isa = XCBuildConfiguration;
			buildSettings = {
				ASSETCATALOG_COMPILER_APPICON_NAME = AppIcon;
				DEVELOPMENT_TEAM = QGJ65HGR22;
				INFOPLIST_FILE = SwiftProgrammingLanguage/Info.plist;
				LD_RUNPATH_SEARCH_PATHS = "$(inherited) @executable_path/Frameworks";
				OTHER_CFLAGS = "";
				PRODUCT_BUNDLE_IDENTIFIER = com.alldk.SwiftProgrammingLanguage;
				PRODUCT_NAME = "$(TARGET_NAME)";
				SWIFT_VERSION = 3.0;
			};
			name = Debug;
		};
		6CCC365B1F541A690062D606 /* Release */ = {
			isa = XCBuildConfiguration;
			buildSettings = {
				ASSETCATALOG_COMPILER_APPICON_NAME = AppIcon;
				DEVELOPMENT_TEAM = QGJ65HGR22;
				INFOPLIST_FILE = SwiftProgrammingLanguage/Info.plist;
				LD_RUNPATH_SEARCH_PATHS = "$(inherited) @executable_path/Frameworks";
				OTHER_CFLAGS = "";
				PRODUCT_BUNDLE_IDENTIFIER = com.alldk.SwiftProgrammingLanguage;
				PRODUCT_NAME = "$(TARGET_NAME)";
				SWIFT_VERSION = 3.0;
			};
			name = Release;
		};
/* End XCBuildConfiguration section */

/* Begin XCConfigurationList section */
		6CCC36421F541A690062D606 /* Build configuration list for PBXProject "SwiftProgrammingLanguage" */ = {
			isa = XCConfigurationList;
			buildConfigurations = (
				6CCC36571F541A690062D606 /* Debug */,
				6CCC36581F541A690062D606 /* Release */,
			);
			defaultConfigurationIsVisible = 0;
			defaultConfigurationName = Release;
		};
		6CCC36591F541A690062D606 /* Build configuration list for PBXNativeTarget "SwiftProgrammingLanguage" */ = {
			isa = XCConfigurationList;
			buildConfigurations = (
				6CCC365A1F541A690062D606 /* Debug */,
				6CCC365B1F541A690062D606 /* Release */,
			);
			defaultConfigurationIsVisible = 0;
			defaultConfigurationName = Release;
		};
/* End XCConfigurationList section */
	};
	rootObject = 6CCC363F1F541A690062D606 /* Project object */;
}
