// !$*UTF8*$!
{
	archiveVersion = 1;
	classes = {
	};
	objectVersion = 46;
	objects = {

/* Begin PBXBuildFile section */
		6CCC364B1F541A690062D606 /* AppDelegate.swift in Sources */ = {isa = PBXBuildFile; fileRef = 6CCC364A1F541A690062D606 /* AppDelegate.swift */; };
		6CCC364D1F541A690062D606 /* ViewController.swift in Sources */ = {isa = PBXBuildFile; fileRef = 6CCC364C1F541A690062D606 /* ViewController.swift */; };
		6CCC36501F541A690062D606 /* Main.storyboard in Resources */ = {isa = PBXBuildFile; fileRef = 6CCC364E1F541A690062D606 /* Main.storyboard */; };
		6CCC36521F541A690062D606 /* Assets.xcassets in Resources */ = {isa = PBXBuildFile; fileRef = 6CCC36511F541A690062D606 /* Assets.xcassets */; };
		6CCC36551F541A690062D606 /* LaunchScreen.storyboard in Resources */ = {isa = PBXBuildFile; fileRef = 6CCC36531F541A690062D606 /* LaunchScreen.storyboard */; };
/* End PBXBuildFile section */

/* Begin PBXFileReference section */
		6CCC36471F541A690062D606 /* SwiftProgrammingLanguage.app */ = {isa = PBXFileReference; explicitFileType = wrapper.application; includeInIndex = 0; path = SwiftProgrammingLanguage.app; sourceTree = BUILT_PRODUCTS_DIR; };
		6CCC364A1F541A690062D606 /* AppDelegate.swift */ = {isa = PBXFileReference; lastKnownFileType = sourcecode.swift; path = AppDelegate.swift; sourceTree = "<group>"; };
		6CCC364C1F541A690062D606 /* ViewController.swift */ = {isa = PBXFileReference; lastKnownFileType = sourcecode.swift; path = ViewController.swift; sourceTree = "<group>"; };
		6CCC364F1F541A690062D606 /* Base */ = {isa = PBXFileReference; lastKnownFileType = file.storyboard; name = Base; path = Base.lproj/Main.storyboard; sourceTree = "<group>"; };
		6CCC36511F541A690062D606 /* Assets.xcassets */ = {isa = PBXFileReference; lastKnownFileType = folder.assetcatalog; path = Assets.xcassets; sourceTree = "<group>"; };
		6CCC36541F541A690062D606 /* Base */ = {isa = PBXFileReference; lastKnownFileType = file.storyboard; name = Base; path = Base.lproj/LaunchScreen.storyboard; sourceTree = "<group>"; };
		6CCC36561F541A690062D606 /* Info.plist */ = {isa = PBXFileReference; lastKnownFileType = text.plist.xml; path = Info.plist; sourceTree = "<group>"; };
/* End PBXFileReference section */

/* Begin PBXFrameworksBuildPhase section */
		6CCC36441F541A690062D606 /* Frameworks */ = {
			isa = PBXFrameworksBuildPhase;
			buildActionMask = 2147483647;
			files = (
			);
			runOnlyForDeploymentPostprocessing = 0;
		};
/* End PBXFrameworksBuildPhase section */

/* Begin PBXGroup section */
		6CCC363E1F541A690062D606 = {
			isa = PBXGroup;
			children = (
				6CCC36491F541A690062D606 /* SwiftProgrammingLanguage */,
				6CCC36481F541A690062D606 /* Products */,
			);
			sourceTree = "<group>";
		};
		6CCC36481F541A690062D606 /* Products */ = {
			isa = PBXGroup;
			children = (
				6CCC36471F541A690062D606 /* SwiftProgrammingLanguage.app */,
			);
			name = Products;
			sourceTree = "<group>";
		};
		6CCC36491F541A690062D606 /* SwiftProgrammingLanguage */ = {
			isa = PBXGroup;
			children = (
				6CCC364A1F541A690062D606 /* AppDelegate.swift */,
				6CCC364C1F541A690062D606 /* ViewController.swift */,
				6CCC364E1F541A690062D606 /* Main.storyboard */,
				6CCC36511F541A690062D606 /* Assets.xcassets */,
				6CCC36531F541A690062D606 /* LaunchScreen.storyboard */,
				6CCC36561F541A690062D606 /* Info.plist */,
			);
			path = SwiftProgrammingLanguage;
			sourceTree = "<group>";
		};
/* End PBXGroup section */

/* Begin PBXNativeTarget section */
		6CCC36461F541A690062D606 /* SwiftProgrammingLanguage */ = {
			isa = PBXNativeTarget;
			buildConfigurationList = 6CCC36591F541A690062D606 /* Build configuration list for PBXNativeTarget "SwiftProgrammingLanguage" */;
			buildPhases = (
				6CCC36431F541A690062D606 /* Sources */,
				6CCC36441F541A690062D606 /* Frameworks */,
				6CCC36451F541A690062D606 /* Resources */,
			);
			buildRules = (
			);
			dependencies = (
			);
			name = SwiftProgrammingLanguage;
			productName = SwiftProgrammingLanguage;
			productReference = 6CCC36471F541A690062D606 /* SwiftProgrammingLanguage.app */;
			productType = "com.apple.product-type.application";
		};
/* End PBXNativeTarget section */

/* Begin PBXProject section */
		6CCC363F1F541A690062D606 /* Project object */ = {
			isa = PBXProject;
			attributes = {
				LastSwiftUpdateCheck = 0830;
				LastUpgradeCheck = 0830;
				ORGANIZATIONNAME = alldk;
				TargetAttributes = {
					6CCC36461F541A690062D606 = {
						CreatedOnToolsVersion = 8.3.3;
						DevelopmentTeam = QGJ65HGR22;
						ProvisioningStyle = Automatic;
					};
				};
			};
			buildConfigurationList = 6CCC36421F541A690062D606 /* Build configuration list for PBXProject "SwiftProgrammingLanguage" */;
			compatibilityVersion = "Xcode 3.2";
			developmentRegion = English;
			hasScannedForEncodings = 0;
			knownRegions = (
				en,
				Base,
			);
			mainGroup = 6CCC363E1F541A690062D606;
			productRefGroup = 6CCC36481F541A690062D606 /* Products */;
			projectDirPath = "";
			projectRoot = "";
			targets = (
				6CCC36461F541A690062D606 /* SwiftProgrammingLanguage */,
			);
		};
/* End PBXProject section */

/* Begin PBXResourcesBuildPhase section */
		6CCC36451F541A690062D606 /* Resources */ = {
			isa = PBXResourcesBuildPhase;
			buildActionMask = 2147483647;
			files = (
				6CCC36551F541A690062D606 /* LaunchScreen.storyboard in Resources */,
				6CCC36521F541A690062D606 /* Assets.xcassets in Resources */,
				6CCC36501F541A690062D606 /* Main.storyboard in Resources */,
			);
			runOnlyForDeploymentPostprocessing = 0;
		};
/* End PBXResourcesBuildPhase section */

/* Begin PBXSourcesBuildPhase section */
		6CCC36431F541A690062D606 /* Sources */ = {
			isa = PBXSourcesBuildPhase;
			buildActionMask = 2147483647;
			files = (
				6CCC364D1F541A690062D606 /* ViewController.swift in Sources */,
				6CCC364B1F541A690062D606 /* AppDelegate.swift in Sources */,
			);
			runOnlyForDeploymentPostprocessing = 0;
		};
/* End PBXSourcesBuildPhase section */

/* Begin PBXVariantGroup section */
		6CCC364E1F541A690062D606 /* Main.storyboard */ = {
			isa = PBXVariantGroup;
			children = (
				6CCC364F1F541A690062D606 /* Base */,
			);
			name = Main.storyboard;
			sourceTree = "<group>";
		};
		6CCC36531F541A690062D606 /* LaunchScreen.storyboard */ = {
			isa = PBXVariantGroup;
			children = (
				6CCC36541F541A690062D606 /* Base */,
			);
			name = LaunchScreen.storyboard;
			sourceTree = "<group>";
		};
/* End PBXVariantGroup section */

/* Begin XCBuildConfiguration section */
		6CCC36571F541A690062D606 /* Debug */ = {
			isa = XCBuildConfiguration;
			buildSettings = {
				ALWAYS_SEARCH_USER_PATHS = NO;
				CLANG_ANALYZER_NONNULL = YES;
				CLANG_ANALYZER_NUMBER_OBJECT_CONVERSION = YES_AGGRESSIVE;
				CLANG_CXX_LANGUAGE_STANDARD = "gnu++0x";
				CLANG_CXX_LIBRARY = "libc++";
				CLANG_ENABLE_MODULES = YES;
				CLANG_ENABLE_OBJC_ARC = YES;
				CLANG_WARN_BOOL_CONVERSION = YES;
				CLANG_WARN_CONSTANT_CONVERSION = YES;
				CLANG_WARN_DIRECT_OBJC_ISA_USAGE = YES_ERROR;
				CLANG_WARN_DOCUMENTATION_COMMENTS = YES;
				CLANG_WARN_EMPTY_BODY = YES;
				CLANG_WARN_ENUM_CONVERSION = YES;
				CLANG_WARN_INFINITE_RECURSION = YES;
				CLANG_WARN_INT_CONVERSION = YES;
				CLANG_WARN_OBJC_ROOT_CLASS = YES_ERROR;
				CLANG_WARN_SUSPICIOUS_MOVE = YES;
				CLANG_WARN_UNREACHABLE_CODE = YES;
				CLANG_WARN__DUPLICATE_METHOD_MATCH = YES;
				"CODE_SIGN_IDENTITY[sdk=iphoneos*]" = "iPhone Developer";
				COPY_PHASE_STRIP = NO;
				DEBUG_INFORMATION_FORMAT = dwarf;
				ENABLE_STRICT_OBJC_MSGSEND = YES;
				ENABLE_TESTABILITY = YES;
				GCC_C_LANGUAGE_STANDARD = gnu99;
				GCC_DYNAMIC_NO_PIC = NO;
				GCC_NO_COMMON_BLOCKS = YES;
				GCC_OPTIMIZATION_LEVEL = 0;
				GCC_PREPROCESSOR_DEFINITIONS = (
					"DEBUG=1",
					"$(inherited)",
				);
				GCC_WARN_64_TO_32_BIT_CONVERSION = YES;
				GCC_WARN_ABOUT_RETURN_TYPE = YES_ERROR;
				GCC_WARN_UNDECLARED_SELECTOR = YES;
				GCC_WARN_UNINITIALIZED_AUTOS = YES_AGGRESSIVE;
				GCC_WARN_UNUSED_FUNCTION = YES;
				GCC_WARN_UNUSED_VARIABLE = YES;
				IPHONEOS_DEPLOYMENT_TARGET = 10.3;
				MTL_ENABLE_DEBUG_INFO = YES;
				ONLY_ACTIVE_ARCH = YES;
				SDKROOT = iphoneos;
				SWIFT_ACTIVE_COMPILATION_CONDITIONS = DEBUG;
				SWIFT_OPTIMIZATION_LEVEL = "-Onone";
			};
			name = Debug;
		};
		6CCC36581F541A690062D606 /* Release */ = {
			isa = XCBuildConfiguration;
			buildSettings = {
				ALWAYS_SEARCH_USER_PATHS = NO;
				CLANG_ANALYZER_NONNULL = YES;
				CLANG_ANALYZER_NUMBER_OBJECT_CONVERSION = YES_AGGRESSIVE;
				CLANG_CXX_LANGUAGE_STANDARD = "gnu++0x";
				CLANG_CXX_LIBRARY = "libc++";
				CLANG_ENABLE_MODULES = YES;
				CLANG_ENABLE_OBJC_ARC = YES;
				CLANG_WARN_BOOL_CONVERSION = YES;
				CLANG_WARN_CONSTANT_CONVERSION = YES;
				CLANG_WARN_DIRECT_OBJC_ISA_USAGE = YES_ERROR;
				CLANG_WARN_DOCUMENTATION_COMMENTS = YES;
				CLANG_WARN_EMPTY_BODY = YES;
				CLANG_WARN_ENUM_CONVERSION = YES;
				CLANG_WARN_INFINITE_RECURSION = YES;
				CLANG_WARN_INT_CONVERSION = YES;
				CLANG_WARN_OBJC_ROOT_CLASS = YES_ERROR;
				CLANG_WARN_SUSPICIOUS_MOVE = YES;
				CLANG_WARN_UNREACHABLE_CODE = YES;
				CLANG_WARN__DUPLICATE_METHOD_MATCH = YES;
				"CODE_SIGN_IDENTITY[sdk=iphoneos*]" = "iPhone Developer";
				COPY_PHASE_STRIP = NO;
				DEBUG_INFORMATION_FORMAT = "dwarf-with-dsym";
				ENABLE_NS_ASSERTIONS = NO;
				ENABLE_STRICT_OBJC_MSGSEND = YES;
				GCC_C_LANGUAGE_STANDARD = gnu99;
				GCC_NO_COMMON_BLOCKS = YES;
				GCC_WARN_64_TO_32_BIT_CONVERSION = YES;
				GCC_WARN_ABOUT_RETURN_TYPE = YES_ERROR;
				GCC_WARN_UNDECLARED_SELECTOR = YES;
				GCC_WARN_UNINITIALIZED_AUTOS = YES_AGGRESSIVE;
				GCC_WARN_UNUSED_FUNCTION = YES;
				GCC_WARN_UNUSED_VARIABLE = YES;
				IPHONEOS_DEPLOYMENT_TARGET = 10.3;
				MTL_ENABLE_DEBUG_INFO = NO;
				SDKROOT = iphoneos;
				SWIFT_OPTIMIZATION_LEVEL = "-Owholemodule";
				VALIDATE_PRODUCT = YES;
			};
			name = Release;
		};
		6CCC365A1F541A690062D606 /* Debug */ = {
			isa = XCBuildConfiguration;
			buildSettings = {
				ASSETCATALOG_COMPILER_APPICON_NAME = AppIcon;
				DEVELOPMENT_TEAM = QGJ65HGR22;
				INFOPLIST_FILE = SwiftProgrammingLanguage/Info.plist;
				LD_RUNPATH_SEARCH_PATHS = "$(inherited) @executable_path/Frameworks";
				PRODUCT_BUNDLE_IDENTIFIER = com.alldk.SwiftProgrammingLanguage;
				PRODUCT_NAME = "$(TARGET_NAME)";
				SWIFT_VERSION = 3.0;
			};
			name = Debug;
		};
		6CCC365B1F541A690062D606 /* Release */ = {
			isa = XCBuildConfiguration;
			buildSettings = {
				ASSETCATALOG_COMPILER_APPICON_NAME = AppIcon;
				DEVELOPMENT_TEAM = QGJ65HGR22;
				INFOPLIST_FILE = SwiftProgrammingLanguage/Info.plist;
				LD_RUNPATH_SEARCH_PATHS = "$(inherited) @executable_path/Frameworks";
				PRODUCT_BUNDLE_IDENTIFIER = com.alldk.SwiftProgrammingLanguage;
				PRODUCT_NAME = "$(TARGET_NAME)";
				SWIFT_VERSION = 3.0;
			};
			name = Release;
		};
/* End XCBuildConfiguration section */

/* Begin XCConfigurationList section */
		6CCC36421F541A690062D606 /* Build configuration list for PBXProject "SwiftProgrammingLanguage" */ = {
			isa = XCConfigurationList;
			buildConfigurations = (
				6CCC36571F541A690062D606 /* Debug */,
				6CCC36581F541A690062D606 /* Release */,
			);
			defaultConfigurationIsVisible = 0;
			defaultConfigurationName = Release;
		};
		6CCC36591F541A690062D606 /* Build configuration list for PBXNativeTarget "SwiftProgrammingLanguage" */ = {
			isa = XCConfigurationList;
			buildConfigurations = (
				6CCC365A1F541A690062D606 /* Debug */,
				6CCC365B1F541A690062D606 /* Release */,
			);
			defaultConfigurationIsVisible = 0;
		};
/* End XCConfigurationList section */
	};
	rootObject = 6CCC363F1F541A690062D606 /* Project object */;
}
